
Microsoft Visual Studio Solution File, Format Version 12.00
# Visual Studio Version 16
VisualStudioVersion = 16.0.30717.126
MinimumVisualStudioVersion = 10.0.40219.1
Project("{FAE04EC0-301F-11D3-BF4B-00C04F79EFBC}") = "InventoryManager", "InventoryManager.csproj", "{83DF1609-F04F-452B-B88D-E48A650E1476}"
EndProject
Global
	GlobalSection(SolutionConfigurationPlatforms) = preSolution
		Debug|Any CPU = Debug|Any CPU
		Release|Any CPU = Release|Any CPU
	EndGlobalSection
	GlobalSection(ProjectConfigurationPlatforms) = postSolution
		{83DF1609-F04F-452B-B88D-E48A650E1476}.Debug|Any CPU.ActiveCfg = Debug|Any CPU
		{83DF1609-F04F-452B-B88D-E48A650E1476}.Debug|Any CPU.Build.0 = Debug|Any CPU
		{83DF1609-F04F-452B-B88D-E48A650E1476}.Release|Any CPU.ActiveCfg = Release|Any CPU
		{83DF1609-F04F-452B-B88D-E48A650E1476}.Release|Any CPU.Build.0 = Release|Any CPU
	EndGlobalSection
	GlobalSection(SolutionProperties) = preSolution
		HideSolutionNode = FALSE
	EndGlobalSection
	GlobalSection(ExtensibilityGlobals) = postSolution
		SolutionGuid = {AEF67599-75DD-441E-8960-6C4EF3A3535C}
	EndGlobalSection
EndGlobal
